// !$*UTF8*$!
{
	archiveVersion = 1;
	classes = {
	};
	objectVersion = 50;
	objects = {

/* Begin PBXBuildFile section */
		6A8A8BDF6B991BAE4A2312B4 /* Pods_SwiftMapSample.framework in Frameworks */ = {isa = PBXBuildFile; fileRef = E8E33F2D6D8A609FC20A7CC4 /* Pods_SwiftMapSample.framework */; };
		B05793432552F04F00F1DD36 /* AppDelegate.swift in Sources */ = {isa = PBXBuildFile; fileRef = B05793422552F04F00F1DD36 /* AppDelegate.swift */; };
		B05793452552F04F00F1DD36 /* SceneDelegate.swift in Sources */ = {isa = PBXBuildFile; fileRef = B05793442552F04F00F1DD36 /* SceneDelegate.swift */; };
		B05793472552F04F00F1DD36 /* ViewController.swift in Sources */ = {isa = PBXBuildFile; fileRef = B05793462552F04F00F1DD36 /* ViewController.swift */; };
		B057934A2552F04F00F1DD36 /* Main.storyboard in Resources */ = {isa = PBXBuildFile; fileRef = B05793482552F04F00F1DD36 /* Main.storyboard */; };
		B057934C2552F05000F1DD36 /* Assets.xcassets in Resources */ = {isa = PBXBuildFile; fileRef = B057934B2552F05000F1DD36 /* Assets.xcassets */; };
		B057934F2552F05000F1DD36 /* LaunchScreen.storyboard in Resources */ = {isa = PBXBuildFile; fileRef = B057934D2552F05000F1DD36 /* LaunchScreen.storyboard */; };
		B05793582552F14E00F1DD36 /* NextViewController.swift in Sources */ = {isa = PBXBuildFile; fileRef = B05793572552F14E00F1DD36 /* NextViewController.swift */; };
/* End PBXBuildFile section */

/* Begin PBXFileReference section */
		A26657542733A4DF5B9E0082 /* Pods-SwiftMapSample.debug.xcconfig */ = {isa = PBXFileReference; includeInIndex = 1; lastKnownFileType = text.xcconfig; name = "Pods-SwiftMapSample.debug.xcconfig"; path = "Target Support Files/Pods-SwiftMapSample/Pods-SwiftMapSample.debug.xcconfig"; sourceTree = "<group>"; };
		B057933F2552F04F00F1DD36 /* SwiftMapSample.app */ = {isa = PBXFileReference; explicitFileType = wrapper.application; includeInIndex = 0; path = SwiftMapSample.app; sourceTree = BUILT_PRODUCTS_DIR; };
		B05793422552F04F00F1DD36 /* AppDelegate.swift */ = {isa = PBXFileReference; lastKnownFileType = sourcecode.swift; path = AppDelegate.swift; sourceTree = "<group>"; };
		B05793442552F04F00F1DD36 /* SceneDelegate.swift */ = {isa = PBXFileReference; lastKnownFileType = sourcecode.swift; path = SceneDelegate.swift; sourceTree = "<group>"; };
		B05793462552F04F00F1DD36 /* ViewController.swift */ = {isa = PBXFileReference; lastKnownFileType = sourcecode.swift; path = ViewController.swift; sourceTree = "<group>"; };
		B05793492552F04F00F1DD36 /* Base */ = {isa = PBXFileReference; lastKnownFileType = file.storyboard; name = Base; path = Base.lproj/Main.storyboard; sourceTree = "<group>"; };
		B057934B2552F05000F1DD36 /* Assets.xcassets */ = {isa = PBXFileReference; lastKnownFileType = folder.assetcatalog; path = Assets.xcassets; sourceTree = "<group>"; };
		B057934E2552F05000F1DD36 /* Base */ = {isa = PBXFileReference; lastKnownFileType = file.storyboard; name = Base; path = Base.lproj/LaunchScreen.storyboard; sourceTree = "<group>"; };
		B05793502552F05000F1DD36 /* Info.plist */ = {isa = PBXFileReference; lastKnownFileType = text.plist.xml; path = Info.plist; sourceTree = "<group>"; };
		B05793572552F14E00F1DD36 /* NextViewController.swift */ = {isa = PBXFileReference; lastKnownFileType = sourcecode.swift; path = NextViewController.swift; sourceTree = "<group>"; };
		E8E33F2D6D8A609FC20A7CC4 /* Pods_SwiftMapSample.framework */ = {isa = PBXFileReference; explicitFileType = wrapper.framework; includeInIndex = 0; path = Pods_SwiftMapSample.framework; sourceTree = BUILT_PRODUCTS_DIR; };
		EBFA0107D7099A566B18F5DA /* Pods-SwiftMapSample.release.xcconfig */ = {isa = PBXFileReference; includeInIndex = 1; lastKnownFileType = text.xcconfig; name = "Pods-SwiftMapSample.release.xcconfig"; path = "Target Support Files/Pods-SwiftMapSample/Pods-SwiftMapSample.release.xcconfig"; sourceTree = "<group>"; };
/* End PBXFileReference section */

/* Begin PBXFrameworksBuildPhase section */
		B057933C2552F04F00F1DD36 /* Frameworks */ = {
			isa = PBXFrameworksBuildPhase;
			buildActionMask = 2147483647;
			files = (
				6A8A8BDF6B991BAE4A2312B4 /* Pods_SwiftMapSample.framework in Frameworks */,
			);
			runOnlyForDeploymentPostprocessing = 0;
		};
/* End PBXFrameworksBuildPhase section */

/* Begin PBXGroup section */
		1EEEC6F034BC6856DE5EBFDF /* Pods */ = {
			isa = PBXGroup;
			children = (
				A26657542733A4DF5B9E0082 /* Pods-SwiftMapSample.debug.xcconfig */,
				EBFA0107D7099A566B18F5DA /* Pods-SwiftMapSample.release.xcconfig */,
			);
			name = Pods;
			path = Pods;
			sourceTree = "<group>";
		};
		B05793362552F04F00F1DD36 = {
			isa = PBXGroup;
			children = (
				B05793412552F04F00F1DD36 /* SwiftMapSample */,
				B05793402552F04F00F1DD36 /* Products */,
				1EEEC6F034BC6856DE5EBFDF /* Pods */,
				E35099C6C46A77A608219440 /* Frameworks */,
			);
			sourceTree = "<group>";
		};
		B05793402552F04F00F1DD36 /* Products */ = {
			isa = PBXGroup;
			children = (
				B057933F2552F04F00F1DD36 /* SwiftMapSample.app */,
			);
			name = Products;
			sourceTree = "<group>";
		};
		B05793412552F04F00F1DD36 /* SwiftMapSample */ = {
			isa = PBXGroup;
			children = (
				B05793422552F04F00F1DD36 /* AppDelegate.swift */,
				B05793442552F04F00F1DD36 /* SceneDelegate.swift */,
				B05793462552F04F00F1DD36 /* ViewController.swift */,
				B05793572552F14E00F1DD36 /* NextViewController.swift */,
				B05793482552F04F00F1DD36 /* Main.storyboard */,
				B057934B2552F05000F1DD36 /* Assets.xcassets */,
				B057934D2552F05000F1DD36 /* LaunchScreen.storyboard */,
				B05793502552F05000F1DD36 /* Info.plist */,
			);
			path = SwiftMapSample;
			sourceTree = "<group>";
		};
		E35099C6C46A77A608219440 /* Frameworks */ = {
			isa = PBXGroup;
			children = (
				E8E33F2D6D8A609FC20A7CC4 /* Pods_SwiftMapSample.framework */,
			);
			name = Frameworks;
			sourceTree = "<group>";
		};
/* End PBXGroup section */

/* Begin PBXNativeTarget section */
		B057933E2552F04F00F1DD36 /* SwiftMapSample */ = {
			isa = PBXNativeTarget;
			buildConfigurationList = B05793532552F05000F1DD36 /* Build configuration list for PBXNativeTarget "SwiftMapSample" */;
			buildPhases = (
				D7EC2C995EA66E244E9376A3 /* [CP] Check Pods Manifest.lock */,
				B057933B2552F04F00F1DD36 /* Sources */,
				B057933C2552F04F00F1DD36 /* Frameworks */,
				B057933D2552F04F00F1DD36 /* Resources */,
				98E284B03A833224C606BFF5 /* [CP] Embed Pods Frameworks */,
				CDD9F0AF454CA0C885650035 /* [CP] Copy Pods Resources */,
			);
			buildRules = (
			);
			dependencies = (
			);
			name = SwiftMapSample;
			productName = SwiftMapSample;
			productReference = B057933F2552F04F00F1DD36 /* SwiftMapSample.app */;
			productType = "com.apple.product-type.application";
		};
/* End PBXNativeTarget section */

/* Begin PBXProject section */
		B05793372552F04F00F1DD36 /* Project object */ = {
			isa = PBXProject;
			attributes = {
				LastSwiftUpdateCheck = 1200;
				LastUpgradeCheck = 1200;
				TargetAttributes = {
					B057933E2552F04F00F1DD36 = {
						CreatedOnToolsVersion = 12.0;
					};
				};
			};
			buildConfigurationList = B057933A2552F04F00F1DD36 /* Build configuration list for PBXProject "SwiftMapSample" */;
			compatibilityVersion = "Xcode 9.3";
			developmentRegion = en;
			hasScannedForEncodings = 0;
			knownRegions = (
				en,
				Base,
			);
			mainGroup = B05793362552F04F00F1DD36;
			productRefGroup = B05793402552F04F00F1DD36 /* Products */;
			projectDirPath = "";
			projectRoot = "";
			targets = (
				B057933E2552F04F00F1DD36 /* SwiftMapSample */,
			);
		};
/* End PBXProject section */

/* Begin PBXResourcesBuildPhase section */
		B057933D2552F04F00F1DD36 /* Resources */ = {
			isa = PBXResourcesBuildPhase;
			buildActionMask = 2147483647;
			files = (
				B057934F2552F05000F1DD36 /* LaunchScreen.storyboard in Resources */,
				B057934C2552F05000F1DD36 /* Assets.xcassets in Resources */,
				B057934A2552F04F00F1DD36 /* Main.storyboard in Resources */,
			);
			runOnlyForDeploymentPostprocessing = 0;
		};
/* End PBXResourcesBuildPhase section */

/* Begin PBXShellScriptBuildPhase section */
		98E284B03A833224C606BFF5 /* [CP] Embed Pods Frameworks */ = {
			isa = PBXShellScriptBuildPhase;
			buildActionMask = 2147483647;
			files = (
			);
			inputFileListPaths = (
				"${PODS_ROOT}/Target Support Files/Pods-SwiftMapSample/Pods-SwiftMapSample-frameworks-${CONFIGURATION}-input-files.xcfilelist",
			);
			name = "[CP] Embed Pods Frameworks";
			outputFileListPaths = (
				"${PODS_ROOT}/Target Support Files/Pods-SwiftMapSample/Pods-SwiftMapSample-frameworks-${CONFIGURATION}-output-files.xcfilelist",
			);
			runOnlyForDeploymentPostprocessing = 0;
			shellPath = /bin/sh;
			shellScript = "\"${PODS_ROOT}/Target Support Files/Pods-SwiftMapSample/Pods-SwiftMapSample-frameworks.sh\"\n";
			showEnvVarsInLog = 0;
		};
		CDD9F0AF454CA0C885650035 /* [CP] Copy Pods Resources */ = {
			isa = PBXShellScriptBuildPhase;
			buildActionMask = 2147483647;
			files = (
			);
			inputFileListPaths = (
				"${PODS_ROOT}/Target Support Files/Pods-SwiftMapSample/Pods-SwiftMapSample-resources-${CONFIGURATION}-input-files.xcfilelist",
			);
			name = "[CP] Copy Pods Resources";
			outputFileListPaths = (
				"${PODS_ROOT}/Target Support Files/Pods-SwiftMapSample/Pods-SwiftMapSample-resources-${CONFIGURATION}-output-files.xcfilelist",
			);
			runOnlyForDeploymentPostprocessing = 0;
			shellPath = /bin/sh;
			shellScript = "\"${PODS_ROOT}/Target Support Files/Pods-SwiftMapSample/Pods-SwiftMapSample-resources.sh\"\n";
			showEnvVarsInLog = 0;
		};
		D7EC2C995EA66E244E9376A3 /* [CP] Check Pods Manifest.lock */ = {
			isa = PBXShellScriptBuildPhase;
			buildActionMask = 2147483647;
			files = (
			);
			inputFileListPaths = (
			);
			inputPaths = (
				"${PODS_PODFILE_DIR_PATH}/Podfile.lock",
				"${PODS_ROOT}/Manifest.lock",
			);
			name = "[CP] Check Pods Manifest.lock";
			outputFileListPaths = (
			);
			outputPaths = (
				"$(DERIVED_FILE_DIR)/Pods-SwiftMapSample-checkManifestLockResult.txt",
			);
			runOnlyForDeploymentPostprocessing = 0;
			shellPath = /bin/sh;
			shellScript = "diff \"${PODS_PODFILE_DIR_PATH}/Podfile.lock\" \"${PODS_ROOT}/Manifest.lock\" > /dev/null\nif [ $? != 0 ] ; then\n    # print error to STDERR\n    echo \"error: The sandbox is not in sync with the Podfile.lock. Run 'pod install' or update your CocoaPods installation.\" >&2\n    exit 1\nfi\n# This output is used by Xcode 'outputs' to avoid re-running this script phase.\necho \"SUCCESS\" > \"${SCRIPT_OUTPUT_FILE_0}\"\n";
			showEnvVarsInLog = 0;
		};
/* End PBXShellScriptBuildPhase section */

/* Begin PBXSourcesBuildPhase section */
		B057933B2552F04F00F1DD36 /* Sources */ = {
			isa = PBXSourcesBuildPhase;
			buildActionMask = 2147483647;
			files = (
				B05793472552F04F00F1DD36 /* ViewController.swift in Sources */,
				B05793582552F14E00F1DD36 /* NextViewController.swift in Sources */,
				B05793432552F04F00F1DD36 /* AppDelegate.swift in Sources */,
				B05793452552F04F00F1DD36 /* SceneDelegate.swift in Sources */,
			);
			runOnlyForDeploymentPostprocessing = 0;
		};
/* End PBXSourcesBuildPhase section */

/* Begin PBXVariantGroup section */
		B05793482552F04F00F1DD36 /* Main.storyboard */ = {
			isa = PBXVariantGroup;
			children = (
				B05793492552F04F00F1DD36 /* Base */,
			);
			name = Main.storyboard;
			sourceTree = "<group>";
		};
		B057934D2552F05000F1DD36 /* LaunchScreen.storyboard */ = {
			isa = PBXVariantGroup;
			children = (
				B057934E2552F05000F1DD36 /* Base */,
			);
			name = LaunchScreen.storyboard;
			sourceTree = "<group>";
		};
/* End PBXVariantGroup section */

/* Begin XCBuildConfiguration section */
		B05793512552F05000F1DD36 /* Debug */ = {
			isa = XCBuildConfiguration;
			buildSettings = {
				ALWAYS_SEARCH_USER_PATHS = NO;
				CLANG_ANALYZER_NONNULL = YES;
				CLANG_ANALYZER_NUMBER_OBJECT_CONVERSION = YES_AGGRESSIVE;
				CLANG_CXX_LANGUAGE_STANDARD = "gnu++14";
				CLANG_CXX_LIBRARY = "libc++";
				CLANG_ENABLE_MODULES = YES;
				CLANG_ENABLE_OBJC_ARC = YES;
				CLANG_ENABLE_OBJC_WEAK = YES;
				CLANG_WARN_BLOCK_CAPTURE_AUTORELEASING = YES;
				CLANG_WARN_BOOL_CONVERSION = YES;
				CLANG_WARN_COMMA = YES;
				CLANG_WARN_CONSTANT_CONVERSION = YES;
				CLANG_WARN_DEPRECATED_OBJC_IMPLEMENTATIONS = YES;
				CLANG_WARN_DIRECT_OBJC_ISA_USAGE = YES_ERROR;
				CLANG_WARN_DOCUMENTATION_COMMENTS = YES;
				CLANG_WARN_EMPTY_BODY = YES;
				CLANG_WARN_ENUM_CONVERSION = YES;
				CLANG_WARN_INFINITE_RECURSION = YES;
				CLANG_WARN_INT_CONVERSION = YES;
				CLANG_WARN_NON_LITERAL_NULL_CONVERSION = YES;
				CLANG_WARN_OBJC_IMPLICIT_RETAIN_SELF = YES;
				CLANG_WARN_OBJC_LITERAL_CONVERSION = YES;
				CLANG_WARN_OBJC_ROOT_CLASS = YES_ERROR;
				CLANG_WARN_QUOTED_INCLUDE_IN_FRAMEWORK_HEADER = YES;
				CLANG_WARN_RANGE_LOOP_ANALYSIS = YES;
				CLANG_WARN_STRICT_PROTOTYPES = YES;
				CLANG_WARN_SUSPICIOUS_MOVE = YES;
				CLANG_WARN_UNGUARDED_AVAILABILITY = YES_AGGRESSIVE;
				CLANG_WARN_UNREACHABLE_CODE = YES;
				CLANG_WARN__DUPLICATE_METHOD_MATCH = YES;
				COPY_PHASE_STRIP = NO;
				DEBUG_INFORMATION_FORMAT = dwarf;
				ENABLE_STRICT_OBJC_MSGSEND = YES;
				ENABLE_TESTABILITY = YES;
				GCC_C_LANGUAGE_STANDARD = gnu11;
				GCC_DYNAMIC_NO_PIC = NO;
				GCC_NO_COMMON_BLOCKS = YES;
				GCC_OPTIMIZATION_LEVEL = 0;
				GCC_PREPROCESSOR_DEFINITIONS = (
					"DEBUG=1",
					"$(inherited)",
				);
				GCC_WARN_64_TO_32_BIT_CONVERSION = YES;
				GCC_WARN_ABOUT_RETURN_TYPE = YES_ERROR;
				GCC_WARN_UNDECLARED_SELECTOR = YES;
				GCC_WARN_UNINITIALIZED_AUTOS = YES_AGGRESSIVE;
				GCC_WARN_UNUSED_FUNCTION = YES;
				GCC_WARN_UNUSED_VARIABLE = YES;
				IPHONEOS_DEPLOYMENT_TARGET = 14.0;
				MTL_ENABLE_DEBUG_INFO = INCLUDE_SOURCE;
				MTL_FAST_MATH = YES;
				ONLY_ACTIVE_ARCH = YES;
				SDKROOT = iphoneos;
				SWIFT_ACTIVE_COMPILATION_CONDITIONS = DEBUG;
				SWIFT_OPTIMIZATION_LEVEL = "-Onone";
			};
			name = Debug;
		};
		B05793522552F05000F1DD36 /* Release */ = {
			isa = XCBuildConfiguration;
			buildSettings = {
				ALWAYS_SEARCH_USER_PATHS = NO;
				CLANG_ANALYZER_NONNULL = YES;
				CLANG_ANALYZER_NUMBER_OBJECT_CONVERSION = YES_AGGRESSIVE;
				CLANG_CXX_LANGUAGE_STANDARD = "gnu++14";
				CLANG_CXX_LIBRARY = "libc++";
				CLANG_ENABLE_MODULES = YES;
				CLANG_ENABLE_OBJC_ARC = YES;
				CLANG_ENABLE_OBJC_WEAK = YES;
				CLANG_WARN_BLOCK_CAPTURE_AUTORELEASING = YES;
				CLANG_WARN_BOOL_CONVERSION = YES;
				CLANG_WARN_COMMA = YES;
				CLANG_WARN_CONSTANT_CONVERSION = YES;
				CLANG_WARN_DEPRECATED_OBJC_IMPLEMENTATIONS = YES;
				CLANG_WARN_DIRECT_OBJC_ISA_USAGE = YES_ERROR;
				CLANG_WARN_DOCUMENTATION_COMMENTS = YES;
				CLANG_WARN_EMPTY_BODY = YES;
				CLANG_WARN_ENUM_CONVERSION = YES;
				CLANG_WARN_INFINITE_RECURSION = YES;
				CLANG_WARN_INT_CONVERSION = YES;
				CLANG_WARN_NON_LITERAL_NULL_CONVERSION = YES;
				CLANG_WARN_OBJC_IMPLICIT_RETAIN_SELF = YES;
				CLANG_WARN_OBJC_LITERAL_CONVERSION = YES;
				CLANG_WARN_OBJC_ROOT_CLASS = YES_ERROR;
				CLANG_WARN_QUOTED_INCLUDE_IN_FRAMEWORK_HEADER = YES;
				CLANG_WARN_RANGE_LOOP_ANALYSIS = YES;
				CLANG_WARN_STRICT_PROTOTYPES = YES;
				CLANG_WARN_SUSPICIOUS_MOVE = YES;
				CLANG_WARN_UNGUARDED_AVAILABILITY = YES_AGGRESSIVE;
				CLANG_WARN_UNREACHABLE_CODE = YES;
				CLANG_WARN__DUPLICATE_METHOD_MATCH = YES;
				COPY_PHASE_STRIP = NO;
				DEBUG_INFORMATION_FORMAT = "dwarf-with-dsym";
				ENABLE_NS_ASSERTIONS = NO;
				ENABLE_STRICT_OBJC_MSGSEND = YES;
				GCC_C_LANGUAGE_STANDARD = gnu11;
				GCC_NO_COMMON_BLOCKS = YES;
				GCC_WARN_64_TO_32_BIT_CONVERSION = YES;
				GCC_WARN_ABOUT_RETURN_TYPE = YES_ERROR;
				GCC_WARN_UNDECLARED_SELECTOR = YES;
				GCC_WARN_UNINITIALIZED_AUTOS = YES_AGGRESSIVE;
				GCC_WARN_UNUSED_FUNCTION = YES;
				GCC_WARN_UNUSED_VARIABLE = YES;
				IPHONEOS_DEPLOYMENT_TARGET = 14.0;
				MTL_ENABLE_DEBUG_INFO = NO;
				MTL_FAST_MATH = YES;
				SDKROOT = iphoneos;
				SWIFT_COMPILATION_MODE = wholemodule;
				SWIFT_OPTIMIZATION_LEVEL = "-O";
				VALIDATE_PRODUCT = YES;
			};
			name = Release;
		};
		B05793542552F05000F1DD36 /* Debug */ = {
			isa = XCBuildConfiguration;
			baseConfigurationReference = A26657542733A4DF5B9E0082 /* Pods-SwiftMapSample.debug.xcconfig */;
			buildSettings = {
				ASSETCATALOG_COMPILER_APPICON_NAME = AppIcon;
				ASSETCATALOG_COMPILER_GLOBAL_ACCENT_COLOR_NAME = AccentColor;
				CODE_SIGN_STYLE = Automatic;
				DEVELOPMENT_TEAM = D5R8J2596F;
				INFOPLIST_FILE = SwiftMapSample/Info.plist;
				LD_RUNPATH_SEARCH_PATHS = (
					"$(inherited)",
					"@executable_path/Frameworks",
				);
				PRODUCT_BUNDLE_IDENTIFIER = com.mina.SwiftMapSample;
				PRODUCT_NAME = "$(TARGET_NAME)";
				SWIFT_VERSION = 5.0;
				TARGETED_DEVICE_FAMILY = "1,2";
			};
			name = Debug;
		};
		B05793552552F05000F1DD36 /* Release */ = {
			isa = XCBuildConfiguration;
			baseConfigurationReference = EBFA0107D7099A566B18F5DA /* Pods-SwiftMapSample.release.xcconfig */;
			buildSettings = {
				ASSETCATALOG_COMPILER_APPICON_NAME = AppIcon;
				ASSETCATALOG_COMPILER_GLOBAL_ACCENT_COLOR_NAME = AccentColor;
				CODE_SIGN_STYLE = Automatic;
				DEVELOPMENT_TEAM = D5R8J2596F;
				INFOPLIST_FILE = SwiftMapSample/Info.plist;
				LD_RUNPATH_SEARCH_PATHS = (
					"$(inherited)",
					"@executable_path/Frameworks",
				);
				PRODUCT_BUNDLE_IDENTIFIER = com.mina.SwiftMapSample;
				PRODUCT_NAME = "$(TARGET_NAME)";
				SWIFT_VERSION = 5.0;
				TARGETED_DEVICE_FAMILY = "1,2";
			};
			name = Release;
		};
/* End XCBuildConfiguration section */

/* Begin XCConfigurationList section */
		B057933A2552F04F00F1DD36 /* Build configuration list for PBXProject "SwiftMapSample" */ = {
			isa = XCConfigurationList;
			buildConfigurations = (
				B05793512552F05000F1DD36 /* Debug */,
				B05793522552F05000F1DD36 /* Release */,
			);
			defaultConfigurationIsVisible = 0;
			defaultConfigurationName = Release;
		};
		B05793532552F05000F1DD36 /* Build configuration list for PBXNativeTarget "SwiftMapSample" */ = {
			isa = XCConfigurationList;
			buildConfigurations = (
				B05793542552F05000F1DD36 /* Debug */,
				B05793552552F05000F1DD36 /* Release */,
			);
			defaultConfigurationIsVisible = 0;
			defaultConfigurationName = Release;
		};
/* End XCConfigurationList section */
	};
	rootObject = B05793372552F04F00F1DD36 /* Project object */;
}
